
Microsoft Visual Studio Solution File, Format Version 12.00
# Visual Studio Version 17
VisualStudioVersion = 17.0.32112.339
MinimumVisualStudioVersion = 10.0.40219.1
Project("{FAE04EC0-301F-11D3-BF4B-00C04F79EFBC}") = "PruebaTecnicaTalycap", "PruebaTecnicaTalycap.csproj", "{090B0873-2409-4A5D-B83A-CE561038B575}"
EndProject
Project("{FAE04EC0-301F-11D3-BF4B-00C04F79EFBC}") = "APITalycap", "..\APITalycap\APITalycap.csproj", "{99FF61A6-50B1-49C7-A29C-0612E2E01D41}"
EndProject
Global
	GlobalSection(SolutionConfigurationPlatforms) = preSolution
		Debug|Any CPU = Debug|Any CPU
		Release|Any CPU = Release|Any CPU
	EndGlobalSection
	GlobalSection(ProjectConfigurationPlatforms) = postSolution
		{090B0873-2409-4A5D-B83A-CE561038B575}.Debug|Any CPU.ActiveCfg = Debug|Any CPU
		{090B0873-2409-4A5D-B83A-CE561038B575}.Debug|Any CPU.Build.0 = Debug|Any CPU
		{090B0873-2409-4A5D-B83A-CE561038B575}.Release|Any CPU.ActiveCfg = Release|Any CPU
		{090B0873-2409-4A5D-B83A-CE561038B575}.Release|Any CPU.Build.0 = Release|Any CPU
		{99FF61A6-50B1-49C7-A29C-0612E2E01D41}.Debug|Any CPU.ActiveCfg = Debug|Any CPU
		{99FF61A6-50B1-49C7-A29C-0612E2E01D41}.Debug|Any CPU.Build.0 = Debug|Any CPU
		{99FF61A6-50B1-49C7-A29C-0612E2E01D41}.Release|Any CPU.ActiveCfg = Release|Any CPU
		{99FF61A6-50B1-49C7-A29C-0612E2E01D41}.Release|Any CPU.Build.0 = Release|Any CPU
	EndGlobalSection
	GlobalSection(SolutionProperties) = preSolution
		HideSolutionNode = FALSE
	EndGlobalSection
	GlobalSection(ExtensibilityGlobals) = postSolution
		SolutionGuid = {44E02335-D5CD-4505-A5A7-A49BFC1C8041}
	EndGlobalSection
EndGlobal
